
Microsoft Visual Studio Solution File, Format Version 12.00
# Visual Studio 15
VisualStudioVersion = 15.0.28010.2046
MinimumVisualStudioVersion = 10.0.40219.1
Project("{FAE04EC0-301F-11D3-BF4B-00C04F79EFBC}") = "Plugin-Advertisements", "Plugin-SourceBans\Plugin-SourceBans.csproj", "{2195DAB2-2A54-48AD-BE4B-4B75BD44C00D}"
EndProject
Global
	GlobalSection(SolutionConfigurationPlatforms) = preSolution
		Debug|Any CPU = Debug|Any CPU
		Release|Any CPU = Release|Any CPU
	EndGlobalSection
	GlobalSection(ProjectConfigurationPlatforms) = postSolution
		{2195DAB2-2A54-48AD-BE4B-4B75BD44C00D}.Debug|Any CPU.ActiveCfg = Debug|Any CPU
		{2195DAB2-2A54-48AD-BE4B-4B75BD44C00D}.Debug|Any CPU.Build.0 = Debug|Any CPU
		{2195DAB2-2A54-48AD-BE4B-4B75BD44C00D}.Release|Any CPU.ActiveCfg = Release|Any CPU
		{2195DAB2-2A54-48AD-BE4B-4B75BD44C00D}.Release|Any CPU.Build.0 = Release|Any CPU
	EndGlobalSection
	GlobalSection(SolutionProperties) = preSolution
		HideSolutionNode = FALSE
	EndGlobalSection
	GlobalSection(ExtensibilityGlobals) = postSolution
		SolutionGuid = {4D3BEF24-1918-4958-BB3B-9C9EAA2E6E2B}
	EndGlobalSection
EndGlobal
